
Microsoft Visual Studio Solution File, Format Version 12.00
# Visual Studio 15
VisualStudioVersion = 15.0.27130.2003
MinimumVisualStudioVersion = 10.0.40219.1
Project("{FAE04EC0-301F-11D3-BF4B-00C04F79EFBC}") = "CoinMonitorAPI", "CoinMonitorAPI\CoinMonitorAPI.csproj", "{2B5938AC-2B05-4D54-9456-E0174FFE8EA5}"
EndProject
Project("{FAE04EC0-301F-11D3-BF4B-00C04F79EFBC}") = "CoinMonitroDomainLayer", "CoinMonitroDomainLayer\CoinMonitroDomainLayer.csproj", "{34DD4E31-225F-4D18-ABDE-F0097AFAB4C9}"
EndProject
Project("{FAE04EC0-301F-11D3-BF4B-00C04F79EFBC}") = "CoinManagerInterfaces", "CoinManagerInterfaces\CoinManagerInterfaces.csproj", "{7619317F-6023-4BC0-984D-1F3B9257381A}"
EndProject
Project("{FAE04EC0-301F-11D3-BF4B-00C04F79EFBC}") = "CoinManagerServiceLayer", "CoinManagerService\CoinManagerServiceLayer.csproj", "{47C104FA-93A4-4064-A97F-6A5E40D81B6F}"
EndProject
Global
	GlobalSection(SolutionConfigurationPlatforms) = preSolution
		Debug|Any CPU = Debug|Any CPU
		Release|Any CPU = Release|Any CPU
	EndGlobalSection
	GlobalSection(ProjectConfigurationPlatforms) = postSolution
		{2B5938AC-2B05-4D54-9456-E0174FFE8EA5}.Debug|Any CPU.ActiveCfg = Debug|Any CPU
		{2B5938AC-2B05-4D54-9456-E0174FFE8EA5}.Debug|Any CPU.Build.0 = Debug|Any CPU
		{2B5938AC-2B05-4D54-9456-E0174FFE8EA5}.Release|Any CPU.ActiveCfg = Release|Any CPU
		{2B5938AC-2B05-4D54-9456-E0174FFE8EA5}.Release|Any CPU.Build.0 = Release|Any CPU
		{34DD4E31-225F-4D18-ABDE-F0097AFAB4C9}.Debug|Any CPU.ActiveCfg = Debug|Any CPU
		{34DD4E31-225F-4D18-ABDE-F0097AFAB4C9}.Debug|Any CPU.Build.0 = Debug|Any CPU
		{34DD4E31-225F-4D18-ABDE-F0097AFAB4C9}.Release|Any CPU.ActiveCfg = Release|Any CPU
		{34DD4E31-225F-4D18-ABDE-F0097AFAB4C9}.Release|Any CPU.Build.0 = Release|Any CPU
		{7619317F-6023-4BC0-984D-1F3B9257381A}.Debug|Any CPU.ActiveCfg = Debug|Any CPU
		{7619317F-6023-4BC0-984D-1F3B9257381A}.Debug|Any CPU.Build.0 = Debug|Any CPU
		{7619317F-6023-4BC0-984D-1F3B9257381A}.Release|Any CPU.ActiveCfg = Release|Any CPU
		{7619317F-6023-4BC0-984D-1F3B9257381A}.Release|Any CPU.Build.0 = Release|Any CPU
		{47C104FA-93A4-4064-A97F-6A5E40D81B6F}.Debug|Any CPU.ActiveCfg = Debug|Any CPU
		{47C104FA-93A4-4064-A97F-6A5E40D81B6F}.Debug|Any CPU.Build.0 = Debug|Any CPU
		{47C104FA-93A4-4064-A97F-6A5E40D81B6F}.Release|Any CPU.ActiveCfg = Release|Any CPU
		{47C104FA-93A4-4064-A97F-6A5E40D81B6F}.Release|Any CPU.Build.0 = Release|Any CPU
	EndGlobalSection
	GlobalSection(SolutionProperties) = preSolution
		HideSolutionNode = FALSE
	EndGlobalSection
	GlobalSection(ExtensibilityGlobals) = postSolution
		SolutionGuid = {DAE15D68-67A2-43D7-B59F-74614BCB64BC}
	EndGlobalSection
EndGlobal
